
Microsoft Visual Studio Solution File, Format Version 12.00
# Visual Studio Version 17
VisualStudioVersion = 17.4.33110.190
MinimumVisualStudioVersion = 10.0.40219.1
Project("{FAE04EC0-301F-11D3-BF4B-00C04F79EFBC}") = "Manejador de presupuestos", "Manejador de presupuestos\Manejador de presupuestos.csproj", "{18F86A01-19DB-4B87-88F8-1720201EB55D}"
EndProject
Global
	GlobalSection(SolutionConfigurationPlatforms) = preSolution
		Debug|Any CPU = Debug|Any CPU
		Release|Any CPU = Release|Any CPU
	EndGlobalSection
	GlobalSection(ProjectConfigurationPlatforms) = postSolution
		{18F86A01-19DB-4B87-88F8-1720201EB55D}.Debug|Any CPU.ActiveCfg = Debug|Any CPU
		{18F86A01-19DB-4B87-88F8-1720201EB55D}.Debug|Any CPU.Build.0 = Debug|Any CPU
		{18F86A01-19DB-4B87-88F8-1720201EB55D}.Release|Any CPU.ActiveCfg = Release|Any CPU
		{18F86A01-19DB-4B87-88F8-1720201EB55D}.Release|Any CPU.Build.0 = Release|Any CPU
	EndGlobalSection
	GlobalSection(SolutionProperties) = preSolution
		HideSolutionNode = FALSE
	EndGlobalSection
	GlobalSection(ExtensibilityGlobals) = postSolution
		SolutionGuid = {BDA22C25-923D-4D17-A535-BACB8C17AFBD}
	EndGlobalSection
EndGlobal
